// !$*UTF8*$!
{
	archiveVersion = 1;
	classes = {
	};
	objectVersion = 60;
	objects = {

/* Begin PBXBuildFile section */
		2C23F3EA2BB8B1090076C071 /* CustomColorPickerView.swift in Sources */ = {isa = PBXBuildFile; fileRef = 2C23F3E92BB8B1090076C071 /* CustomColorPickerView.swift */; };
		2C23F43C2BB8DD0E0076C071 /* RealityKitContent in Frameworks */ = {isa = PBXBuildFile; productRef = 2C23F43B2BB8DD0E0076C071 /* RealityKitContent */; };
		2C23F43E2BB90F000076C071 /* SearchBar.swift in Sources */ = {isa = PBXBuildFile; fileRef = 2C23F43D2BB90F000076C071 /* SearchBar.swift */; };
		2C23F4802BBA25160076C071 /* ImmersiveWidgetView.swift in Sources */ = {isa = PBXBuildFile; fileRef = 2C23F47F2BBA25160076C071 /* ImmersiveWidgetView.swift */; };
		2C51C6562BBDA44C00A187D1 /* Widget+GroupActivity.swift in Sources */ = {isa = PBXBuildFile; fileRef = 2C51C6552BBDA44C00A187D1 /* Widget+GroupActivity.swift */; };
		2C7072262BB1DD49000DF7BA /* AnimatedEllipsisView.swift in Sources */ = {isa = PBXBuildFile; fileRef = 2C7072002BB1DD49000DF7BA /* AnimatedEllipsisView.swift */; };
		2C7072272BB1DD49000DF7BA /* AV.swift in Sources */ = {isa = PBXBuildFile; fileRef = 2C7072012BB1DD49000DF7BA /* AV.swift */; };
		2C7072282BB1DD49000DF7BA /* Binding+Utils.swift in Sources */ = {isa = PBXBuildFile; fileRef = 2C7072022BB1DD49000DF7BA /* Binding+Utils.swift */; };
		2C7072292BB1DD49000DF7BA /* ChromaView.swift in Sources */ = {isa = PBXBuildFile; fileRef = 2C7072032BB1DD49000DF7BA /* ChromaView.swift */; };
		2C70722A2BB1DD49000DF7BA /* Color+Utils.swift in Sources */ = {isa = PBXBuildFile; fileRef = 2C7072042BB1DD49000DF7BA /* Color+Utils.swift */; };
		2C70722B2BB1DD49000DF7BA /* DownloadPanel.swift in Sources */ = {isa = PBXBuildFile; fileRef = 2C7072052BB1DD49000DF7BA /* DownloadPanel.swift */; };
		2C70722C2BB1DD49000DF7BA /* Image+Utils.swift in Sources */ = {isa = PBXBuildFile; fileRef = 2C7072062BB1DD49000DF7BA /* Image+Utils.swift */; };
		2C70722D2BB1DD49000DF7BA /* ModelContext+SQLite.swift in Sources */ = {isa = PBXBuildFile; fileRef = 2C7072072BB1DD49000DF7BA /* ModelContext+SQLite.swift */; };
		2C70722E2BB1DD49000DF7BA /* RealityKitEntity+Enumerate.swift in Sources */ = {isa = PBXBuildFile; fileRef = 2C7072082BB1DD49000DF7BA /* RealityKitEntity+Enumerate.swift */; };
		2C70722F2BB1DD49000DF7BA /* URL+Directories.swift in Sources */ = {isa = PBXBuildFile; fileRef = 2C7072092BB1DD49000DF7BA /* URL+Directories.swift */; };
		2C7072302BB1DD49000DF7BA /* Utils.swift in Sources */ = {isa = PBXBuildFile; fileRef = 2C70720A2BB1DD49000DF7BA /* Utils.swift */; };
		2C7072312BB1DD49000DF7BA /* View+WindowGeometryPreferences.swift in Sources */ = {isa = PBXBuildFile; fileRef = 2C70720B2BB1DD49000DF7BA /* View+WindowGeometryPreferences.swift */; };
		2C7072322BB1DD49000DF7BA /* View+WindowReader.swift in Sources */ = {isa = PBXBuildFile; fileRef = 2C70720C2BB1DD49000DF7BA /* View+WindowReader.swift */; };
		2C7072332BB1DD49000DF7BA /* mirror.html in Resources */ = {isa = PBXBuildFile; fileRef = 2C70720E2BB1DD49000DF7BA /* mirror.html */; };
		2C7072342BB1DD49000DF7BA /* mirror.png in Resources */ = {isa = PBXBuildFile; fileRef = 2C70720F2BB1DD49000DF7BA /* mirror.png */; };
		2C7072352BB1DD49000DF7BA /* mirror@2x.png in Resources */ = {isa = PBXBuildFile; fileRef = 2C7072102BB1DD49000DF7BA /* mirror@2x.png */; };
		2C7072362BB1DD49000DF7BA /* Assets.xcassets in Resources */ = {isa = PBXBuildFile; fileRef = 2C7072122BB1DD49000DF7BA /* Assets.xcassets */; };
		2C70723B2BB1DD49000DF7BA /* WebClip.js in Resources */ = {isa = PBXBuildFile; fileRef = 2C7072172BB1DD49000DF7BA /* WebClip.js */; };
		2C70723C2BB1DD49000DF7BA /* WebView.swift in Sources */ = {isa = PBXBuildFile; fileRef = 2C7072182BB1DD49000DF7BA /* WebView.swift */; };
		2C70723D2BB1DD49000DF7BA /* WebViewCoordinator.swift in Sources */ = {isa = PBXBuildFile; fileRef = 2C7072192BB1DD49000DF7BA /* WebViewCoordinator.swift */; };
		2C70723E2BB1DD49000DF7BA /* Widget.swift in Sources */ = {isa = PBXBuildFile; fileRef = 2C70721A2BB1DD49000DF7BA /* Widget.swift */; };
		2C70723F2BB1DD49000DF7BA /* Widget+WebContent.swift in Sources */ = {isa = PBXBuildFile; fileRef = 2C70721C2BB1DD49000DF7BA /* Widget+WebContent.swift */; };
		2C7072402BB1DD49000DF7BA /* Widget+WebOrnaments.swift in Sources */ = {isa = PBXBuildFile; fileRef = 2C70721D2BB1DD49000DF7BA /* Widget+WebOrnaments.swift */; };
		2C7072412BB1DD49000DF7BA /* WidgetApp.swift in Sources */ = {isa = PBXBuildFile; fileRef = 2C70721E2BB1DD49000DF7BA /* WidgetApp.swift */; };
		2C7072422BB1DD49000DF7BA /* WidgetPickerItem.swift in Sources */ = {isa = PBXBuildFile; fileRef = 2C70721F2BB1DD49000DF7BA /* WidgetPickerItem.swift */; };
		2C7072432BB1DD49000DF7BA /* WidgetPickerView.swift in Sources */ = {isa = PBXBuildFile; fileRef = 2C7072202BB1DD49000DF7BA /* WidgetPickerView.swift */; };
		2C7072442BB1DD49000DF7BA /* WidgetSettingsView.swift in Sources */ = {isa = PBXBuildFile; fileRef = 2C7072212BB1DD49000DF7BA /* WidgetSettingsView.swift */; };
		2C7072452BB1DD49000DF7BA /* WidgetView.swift in Sources */ = {isa = PBXBuildFile; fileRef = 2C7072222BB1DD49000DF7BA /* WidgetView.swift */; };
		2C7072462BB1DD49000DF7BA /* WidgetViewBrowserBar.swift in Sources */ = {isa = PBXBuildFile; fileRef = 2C7072232BB1DD49000DF7BA /* WidgetViewBrowserBar.swift */; };
		2C78F9302BB7394000D53DB7 /* CodeEditor in Frameworks */ = {isa = PBXBuildFile; productRef = 2C78F92F2BB7394000D53DB7 /* CodeEditor */; };
		2C832E0A2B7C0C800032FB06 /* ShareViewController.swift in Sources */ = {isa = PBXBuildFile; fileRef = 2C832E092B7C0C800032FB06 /* ShareViewController.swift */; };
		2C832E0E2B7C0C800032FB06 /* share.appex in Embed Foundation Extensions */ = {isa = PBXBuildFile; fileRef = 2C832E072B7C0C800032FB06 /* share.appex */; settings = {ATTRIBUTES = (RemoveHeadersOnCopy, ); }; };
		2CA0853A2BC1B16B0099B5A9 /* WindowControls.swift in Sources */ = {isa = PBXBuildFile; fileRef = 2CA085392BC1B16B0099B5A9 /* WindowControls.swift */; };
/* End PBXBuildFile section */

/* Begin PBXContainerItemProxy section */
		2C832E0C2B7C0C800032FB06 /* PBXContainerItemProxy */ = {
			isa = PBXContainerItemProxy;
			containerPortal = 2C9EE6972B66844500D36BA6 /* Project object */;
			proxyType = 1;
			remoteGlobalIDString = 2C832E062B7C0C800032FB06;
			remoteInfo = share;
		};
/* End PBXContainerItemProxy section */

/* Begin PBXCopyFilesBuildPhase section */
		2C832E0F2B7C0C800032FB06 /* Embed Foundation Extensions */ = {
			isa = PBXCopyFilesBuildPhase;
			buildActionMask = 2147483647;
			dstPath = "";
			dstSubfolderSpec = 13;
			files = (
				2C832E0E2B7C0C800032FB06 /* share.appex in Embed Foundation Extensions */,
			);
			name = "Embed Foundation Extensions";
			runOnlyForDeploymentPostprocessing = 0;
		};
/* End PBXCopyFilesBuildPhase section */

/* Begin PBXFileReference section */
		2C23F3E92BB8B1090076C071 /* CustomColorPickerView.swift */ = {isa = PBXFileReference; lastKnownFileType = sourcecode.swift; path = CustomColorPickerView.swift; sourceTree = "<group>"; };
		2C23F43D2BB90F000076C071 /* SearchBar.swift */ = {isa = PBXFileReference; lastKnownFileType = sourcecode.swift; path = SearchBar.swift; sourceTree = "<group>"; };
		2C23F47F2BBA25160076C071 /* ImmersiveWidgetView.swift */ = {isa = PBXFileReference; lastKnownFileType = sourcecode.swift; path = ImmersiveWidgetView.swift; sourceTree = "<group>"; };
		2C51C6552BBDA44C00A187D1 /* Widget+GroupActivity.swift */ = {isa = PBXFileReference; lastKnownFileType = sourcecode.swift; path = "Widget+GroupActivity.swift"; sourceTree = "<group>"; };
		2C7072002BB1DD49000DF7BA /* AnimatedEllipsisView.swift */ = {isa = PBXFileReference; fileEncoding = 4; lastKnownFileType = sourcecode.swift; path = AnimatedEllipsisView.swift; sourceTree = "<group>"; };
		2C7072012BB1DD49000DF7BA /* AV.swift */ = {isa = PBXFileReference; fileEncoding = 4; lastKnownFileType = sourcecode.swift; path = AV.swift; sourceTree = "<group>"; };
		2C7072022BB1DD49000DF7BA /* Binding+Utils.swift */ = {isa = PBXFileReference; fileEncoding = 4; lastKnownFileType = sourcecode.swift; path = "Binding+Utils.swift"; sourceTree = "<group>"; };
		2C7072032BB1DD49000DF7BA /* ChromaView.swift */ = {isa = PBXFileReference; fileEncoding = 4; lastKnownFileType = sourcecode.swift; path = ChromaView.swift; sourceTree = "<group>"; };
		2C7072042BB1DD49000DF7BA /* Color+Utils.swift */ = {isa = PBXFileReference; fileEncoding = 4; lastKnownFileType = sourcecode.swift; path = "Color+Utils.swift"; sourceTree = "<group>"; };
		2C7072052BB1DD49000DF7BA /* DownloadPanel.swift */ = {isa = PBXFileReference; fileEncoding = 4; lastKnownFileType = sourcecode.swift; path = DownloadPanel.swift; sourceTree = "<group>"; };
		2C7072062BB1DD49000DF7BA /* Image+Utils.swift */ = {isa = PBXFileReference; fileEncoding = 4; lastKnownFileType = sourcecode.swift; path = "Image+Utils.swift"; sourceTree = "<group>"; };
		2C7072072BB1DD49000DF7BA /* ModelContext+SQLite.swift */ = {isa = PBXFileReference; fileEncoding = 4; lastKnownFileType = sourcecode.swift; path = "ModelContext+SQLite.swift"; sourceTree = "<group>"; };
		2C7072082BB1DD49000DF7BA /* RealityKitEntity+Enumerate.swift */ = {isa = PBXFileReference; fileEncoding = 4; lastKnownFileType = sourcecode.swift; path = "RealityKitEntity+Enumerate.swift"; sourceTree = "<group>"; };
		2C7072092BB1DD49000DF7BA /* URL+Directories.swift */ = {isa = PBXFileReference; fileEncoding = 4; lastKnownFileType = sourcecode.swift; path = "URL+Directories.swift"; sourceTree = "<group>"; };
		2C70720A2BB1DD49000DF7BA /* Utils.swift */ = {isa = PBXFileReference; fileEncoding = 4; lastKnownFileType = sourcecode.swift; path = Utils.swift; sourceTree = "<group>"; };
		2C70720B2BB1DD49000DF7BA /* View+WindowGeometryPreferences.swift */ = {isa = PBXFileReference; fileEncoding = 4; lastKnownFileType = sourcecode.swift; path = "View+WindowGeometryPreferences.swift"; sourceTree = "<group>"; };
		2C70720C2BB1DD49000DF7BA /* View+WindowReader.swift */ = {isa = PBXFileReference; fileEncoding = 4; lastKnownFileType = sourcecode.swift; path = "View+WindowReader.swift"; sourceTree = "<group>"; };
		2C70720E2BB1DD49000DF7BA /* mirror.html */ = {isa = PBXFileReference; fileEncoding = 4; lastKnownFileType = text.html; path = mirror.html; sourceTree = "<group>"; };
		2C70720F2BB1DD49000DF7BA /* mirror.png */ = {isa = PBXFileReference; lastKnownFileType = image.png; path = mirror.png; sourceTree = "<group>"; };
		2C7072102BB1DD49000DF7BA /* mirror@2x.png */ = {isa = PBXFileReference; lastKnownFileType = image.png; path = "mirror@2x.png"; sourceTree = "<group>"; };
		2C7072122BB1DD49000DF7BA /* Assets.xcassets */ = {isa = PBXFileReference; lastKnownFileType = folder.assetcatalog; path = Assets.xcassets; sourceTree = "<group>"; };
		2C7072132BB1DD49000DF7BA /* Info.plist */ = {isa = PBXFileReference; fileEncoding = 4; lastKnownFileType = text.plist.xml; path = Info.plist; sourceTree = "<group>"; };
		2C7072142BB1DD49000DF7BA /* InfoPlist.xcstrings */ = {isa = PBXFileReference; fileEncoding = 4; lastKnownFileType = text.json.xcstrings; path = InfoPlist.xcstrings; sourceTree = "<group>"; };
		2C7072172BB1DD49000DF7BA /* WebClip.js */ = {isa = PBXFileReference; fileEncoding = 4; lastKnownFileType = sourcecode.javascript; path = WebClip.js; sourceTree = "<group>"; };
		2C7072182BB1DD49000DF7BA /* WebView.swift */ = {isa = PBXFileReference; fileEncoding = 4; lastKnownFileType = sourcecode.swift; path = WebView.swift; sourceTree = "<group>"; };
		2C7072192BB1DD49000DF7BA /* WebViewCoordinator.swift */ = {isa = PBXFileReference; fileEncoding = 4; lastKnownFileType = sourcecode.swift; path = WebViewCoordinator.swift; sourceTree = "<group>"; };
		2C70721A2BB1DD49000DF7BA /* Widget.swift */ = {isa = PBXFileReference; fileEncoding = 4; lastKnownFileType = sourcecode.swift; path = Widget.swift; sourceTree = "<group>"; };
		2C70721B2BB1DD49000DF7BA /* Entitlements.entitlements */ = {isa = PBXFileReference; fileEncoding = 4; lastKnownFileType = text.plist.entitlements; path = Entitlements.entitlements; sourceTree = "<group>"; };
		2C70721C2BB1DD49000DF7BA /* Widget+WebContent.swift */ = {isa = PBXFileReference; fileEncoding = 4; lastKnownFileType = sourcecode.swift; path = "Widget+WebContent.swift"; sourceTree = "<group>"; };
		2C70721D2BB1DD49000DF7BA /* Widget+WebOrnaments.swift */ = {isa = PBXFileReference; fileEncoding = 4; lastKnownFileType = sourcecode.swift; path = "Widget+WebOrnaments.swift"; sourceTree = "<group>"; };
		2C70721E2BB1DD49000DF7BA /* WidgetApp.swift */ = {isa = PBXFileReference; fileEncoding = 4; lastKnownFileType = sourcecode.swift; path = WidgetApp.swift; sourceTree = "<group>"; };
		2C70721F2BB1DD49000DF7BA /* WidgetPickerItem.swift */ = {isa = PBXFileReference; fileEncoding = 4; lastKnownFileType = sourcecode.swift; path = WidgetPickerItem.swift; sourceTree = "<group>"; };
		2C7072202BB1DD49000DF7BA /* WidgetPickerView.swift */ = {isa = PBXFileReference; fileEncoding = 4; lastKnownFileType = sourcecode.swift; path = WidgetPickerView.swift; sourceTree = "<group>"; };
		2C7072212BB1DD49000DF7BA /* WidgetSettingsView.swift */ = {isa = PBXFileReference; fileEncoding = 4; lastKnownFileType = sourcecode.swift; path = WidgetSettingsView.swift; sourceTree = "<group>"; };
		2C7072222BB1DD49000DF7BA /* WidgetView.swift */ = {isa = PBXFileReference; fileEncoding = 4; lastKnownFileType = sourcecode.swift; path = WidgetView.swift; sourceTree = "<group>"; };
		2C7072232BB1DD49000DF7BA /* WidgetViewBrowserBar.swift */ = {isa = PBXFileReference; fileEncoding = 4; lastKnownFileType = sourcecode.swift; path = WidgetViewBrowserBar.swift; sourceTree = "<group>"; };
		2C832E072B7C0C800032FB06 /* share.appex */ = {isa = PBXFileReference; explicitFileType = "wrapper.app-extension"; includeInIndex = 0; path = share.appex; sourceTree = BUILT_PRODUCTS_DIR; };
		2C832E092B7C0C800032FB06 /* ShareViewController.swift */ = {isa = PBXFileReference; lastKnownFileType = sourcecode.swift; path = ShareViewController.swift; sourceTree = "<group>"; };
		2C832E0B2B7C0C800032FB06 /* Info.plist */ = {isa = PBXFileReference; lastKnownFileType = text.plist.xml; path = Info.plist; sourceTree = "<group>"; };
		2C9EE69F2B66844500D36BA6 /* translucent.app */ = {isa = PBXFileReference; explicitFileType = wrapper.application; includeInIndex = 0; path = translucent.app; sourceTree = BUILT_PRODUCTS_DIR; };
		2CA085392BC1B16B0099B5A9 /* WindowControls.swift */ = {isa = PBXFileReference; lastKnownFileType = sourcecode.swift; path = WindowControls.swift; sourceTree = "<group>"; };
/* End PBXFileReference section */

/* Begin PBXFrameworksBuildPhase section */
		2C832E042B7C0C800032FB06 /* Frameworks */ = {
			isa = PBXFrameworksBuildPhase;
			buildActionMask = 2147483647;
			files = (
			);
			runOnlyForDeploymentPostprocessing = 0;
		};
		2C9EE69C2B66844500D36BA6 /* Frameworks */ = {
			isa = PBXFrameworksBuildPhase;
			buildActionMask = 2147483647;
			files = (
				2C23F43C2BB8DD0E0076C071 /* RealityKitContent in Frameworks */,
				2C78F9302BB7394000D53DB7 /* CodeEditor in Frameworks */,
			);
			runOnlyForDeploymentPostprocessing = 0;
		};
/* End PBXFrameworksBuildPhase section */

/* Begin PBXGroup section */
		2C70720D2BB1DD49000DF7BA /* Utils */ = {
			isa = PBXGroup;
			children = (
				2CA085392BC1B16B0099B5A9 /* WindowControls.swift */,
				2C7072002BB1DD49000DF7BA /* AnimatedEllipsisView.swift */,
				2C23F3E92BB8B1090076C071 /* CustomColorPickerView.swift */,
				2C7072012BB1DD49000DF7BA /* AV.swift */,
				2C7072022BB1DD49000DF7BA /* Binding+Utils.swift */,
				2C7072032BB1DD49000DF7BA /* ChromaView.swift */,
				2C7072042BB1DD49000DF7BA /* Color+Utils.swift */,
				2C7072052BB1DD49000DF7BA /* DownloadPanel.swift */,
				2C7072062BB1DD49000DF7BA /* Image+Utils.swift */,
				2C7072072BB1DD49000DF7BA /* ModelContext+SQLite.swift */,
				2C7072082BB1DD49000DF7BA /* RealityKitEntity+Enumerate.swift */,
				2C7072092BB1DD49000DF7BA /* URL+Directories.swift */,
				2C70720A2BB1DD49000DF7BA /* Utils.swift */,
				2C70720B2BB1DD49000DF7BA /* View+WindowGeometryPreferences.swift */,
				2C70720C2BB1DD49000DF7BA /* View+WindowReader.swift */,
			);
			path = Utils;
			sourceTree = "<group>";
		};
		2C7072112BB1DD49000DF7BA /* widgets */ = {
			isa = PBXGroup;
			children = (
				2C70720E2BB1DD49000DF7BA /* mirror.html */,
				2C70720F2BB1DD49000DF7BA /* mirror.png */,
				2C7072102BB1DD49000DF7BA /* mirror@2x.png */,
			);
			path = widgets;
			sourceTree = "<group>";
		};
		2C7072242BB1DD49000DF7BA /* translucent */ = {
			isa = PBXGroup;
			children = (
				2C70721E2BB1DD49000DF7BA /* WidgetApp.swift */,
				2C7072182BB1DD49000DF7BA /* WebView.swift */,
				2C7072192BB1DD49000DF7BA /* WebViewCoordinator.swift */,
				2C70721A2BB1DD49000DF7BA /* Widget.swift */,
				2C51C6552BBDA44C00A187D1 /* Widget+GroupActivity.swift */,
				2C70721C2BB1DD49000DF7BA /* Widget+WebContent.swift */,
				2C70721D2BB1DD49000DF7BA /* Widget+WebOrnaments.swift */,
				2C70721F2BB1DD49000DF7BA /* WidgetPickerItem.swift */,
				2C7072202BB1DD49000DF7BA /* WidgetPickerView.swift */,
				2C7072212BB1DD49000DF7BA /* WidgetSettingsView.swift */,
				2C7072222BB1DD49000DF7BA /* WidgetView.swift */,
				2C23F47F2BBA25160076C071 /* ImmersiveWidgetView.swift */,
				2C7072232BB1DD49000DF7BA /* WidgetViewBrowserBar.swift */,
				2C23F43D2BB90F000076C071 /* SearchBar.swift */,
				2C7072172BB1DD49000DF7BA /* WebClip.js */,
				2C70720D2BB1DD49000DF7BA /* Utils */,
				2C70721B2BB1DD49000DF7BA /* Entitlements.entitlements */,
				2C7072132BB1DD49000DF7BA /* Info.plist */,
				2C7072142BB1DD49000DF7BA /* InfoPlist.xcstrings */,
				2C7072122BB1DD49000DF7BA /* Assets.xcassets */,
				2C7072112BB1DD49000DF7BA /* widgets */,
			);
			path = translucent;
			sourceTree = "<group>";
		};
		2C832E082B7C0C800032FB06 /* share */ = {
			isa = PBXGroup;
			children = (
				2C832E092B7C0C800032FB06 /* ShareViewController.swift */,
				2C832E0B2B7C0C800032FB06 /* Info.plist */,
			);
			path = share;
			sourceTree = "<group>";
		};
		2C9EE6962B66844500D36BA6 = {
			isa = PBXGroup;
			children = (
				2C7072242BB1DD49000DF7BA /* translucent */,
				2C832E082B7C0C800032FB06 /* share */,
				2C9EE6A02B66844500D36BA6 /* Products */,
			);
			sourceTree = "<group>";
		};
		2C9EE6A02B66844500D36BA6 /* Products */ = {
			isa = PBXGroup;
			children = (
				2C9EE69F2B66844500D36BA6 /* translucent.app */,
				2C832E072B7C0C800032FB06 /* share.appex */,
			);
			name = Products;
			sourceTree = "<group>";
		};
/* End PBXGroup section */

/* Begin PBXNativeTarget section */
		2C832E062B7C0C800032FB06 /* share */ = {
			isa = PBXNativeTarget;
			buildConfigurationList = 2C832E122B7C0C800032FB06 /* Build configuration list for PBXNativeTarget "share" */;
			buildPhases = (
				2C832E032B7C0C800032FB06 /* Sources */,
				2C832E042B7C0C800032FB06 /* Frameworks */,
				2C832E052B7C0C800032FB06 /* Resources */,
			);
			buildRules = (
			);
			dependencies = (
			);
			name = share;
			productName = share;
			productReference = 2C832E072B7C0C800032FB06 /* share.appex */;
			productType = "com.apple.product-type.app-extension";
		};
		2C9EE69E2B66844500D36BA6 /* translucent */ = {
			isa = PBXNativeTarget;
			buildConfigurationList = 2C9EE6B22B66844600D36BA6 /* Build configuration list for PBXNativeTarget "translucent" */;
			buildPhases = (
				2C9EE69B2B66844500D36BA6 /* Sources */,
				2C9EE69C2B66844500D36BA6 /* Frameworks */,
				2C9EE69D2B66844500D36BA6 /* Resources */,
				2C832E0F2B7C0C800032FB06 /* Embed Foundation Extensions */,
			);
			buildRules = (
			);
			dependencies = (
				2C832E0D2B7C0C800032FB06 /* PBXTargetDependency */,
			);
			name = translucent;
			packageProductDependencies = (
				2C78F92F2BB7394000D53DB7 /* CodeEditor */,
				2C23F43B2BB8DD0E0076C071 /* RealityKitContent */,
			);
			productName = ittybittywidgets;
			productReference = 2C9EE69F2B66844500D36BA6 /* translucent.app */;
			productType = "com.apple.product-type.application";
		};
/* End PBXNativeTarget section */

/* Begin PBXProject section */
		2C9EE6972B66844500D36BA6 /* Project object */ = {
			isa = PBXProject;
			attributes = {
				BuildIndependentTargetsInParallel = 1;
				LastSwiftUpdateCheck = 1530;
				LastUpgradeCheck = 1520;
				TargetAttributes = {
					2C832E062B7C0C800032FB06 = {
						CreatedOnToolsVersion = 15.3;
					};
					2C9EE69E2B66844500D36BA6 = {
						CreatedOnToolsVersion = 15.2;
					};
				};
			};
			buildConfigurationList = 2C9EE69A2B66844500D36BA6 /* Build configuration list for PBXProject "translucent" */;
			compatibilityVersion = "Xcode 14.0";
			developmentRegion = en;
			hasScannedForEncodings = 0;
			knownRegions = (
				en,
				Base,
			);
			mainGroup = 2C9EE6962B66844500D36BA6;
			packageReferences = (
				2C78F92E2BB7394000D53DB7 /* XCRemoteSwiftPackageReference "CodeEditor" */,
				2C23F43A2BB8DD0E0076C071 /* XCLocalSwiftPackageReference "Packages/RealityKitContent" */,
			);
			productRefGroup = 2C9EE6A02B66844500D36BA6 /* Products */;
			projectDirPath = "";
			projectRoot = "";
			targets = (
				2C9EE69E2B66844500D36BA6 /* translucent */,
				2C832E062B7C0C800032FB06 /* share */,
			);
		};
/* End PBXProject section */

/* Begin PBXResourcesBuildPhase section */
		2C832E052B7C0C800032FB06 /* Resources */ = {
			isa = PBXResourcesBuildPhase;
			buildActionMask = 2147483647;
			files = (
			);
			runOnlyForDeploymentPostprocessing = 0;
		};
		2C9EE69D2B66844500D36BA6 /* Resources */ = {
			isa = PBXResourcesBuildPhase;
			buildActionMask = 2147483647;
			files = (
				2C7072352BB1DD49000DF7BA /* mirror@2x.png in Resources */,
				2C70723B2BB1DD49000DF7BA /* WebClip.js in Resources */,
				2C7072342BB1DD49000DF7BA /* mirror.png in Resources */,
				2C7072332BB1DD49000DF7BA /* mirror.html in Resources */,
				2C7072362BB1DD49000DF7BA /* Assets.xcassets in Resources */,
			);
			runOnlyForDeploymentPostprocessing = 0;
		};
/* End PBXResourcesBuildPhase section */

/* Begin PBXSourcesBuildPhase section */
		2C832E032B7C0C800032FB06 /* Sources */ = {
			isa = PBXSourcesBuildPhase;
			buildActionMask = 2147483647;
			files = (
				2C832E0A2B7C0C800032FB06 /* ShareViewController.swift in Sources */,
			);
			runOnlyForDeploymentPostprocessing = 0;
		};
		2C9EE69B2B66844500D36BA6 /* Sources */ = {
			isa = PBXSourcesBuildPhase;
			buildActionMask = 2147483647;
			files = (
				2C7072322BB1DD49000DF7BA /* View+WindowReader.swift in Sources */,
				2C70723C2BB1DD49000DF7BA /* WebView.swift in Sources */,
				2C7072292BB1DD49000DF7BA /* ChromaView.swift in Sources */,
				2C70722A2BB1DD49000DF7BA /* Color+Utils.swift in Sources */,
				2C7072402BB1DD49000DF7BA /* Widget+WebOrnaments.swift in Sources */,
				2C70723F2BB1DD49000DF7BA /* Widget+WebContent.swift in Sources */,
				2C7072432BB1DD49000DF7BA /* WidgetPickerView.swift in Sources */,
				2C23F3EA2BB8B1090076C071 /* CustomColorPickerView.swift in Sources */,
				2C70722C2BB1DD49000DF7BA /* Image+Utils.swift in Sources */,
				2C70723D2BB1DD49000DF7BA /* WebViewCoordinator.swift in Sources */,
				2C7072412BB1DD49000DF7BA /* WidgetApp.swift in Sources */,
				2C23F4802BBA25160076C071 /* ImmersiveWidgetView.swift in Sources */,
				2C7072442BB1DD49000DF7BA /* WidgetSettingsView.swift in Sources */,
				2CA0853A2BC1B16B0099B5A9 /* WindowControls.swift in Sources */,
				2C7072312BB1DD49000DF7BA /* View+WindowGeometryPreferences.swift in Sources */,
				2C23F43E2BB90F000076C071 /* SearchBar.swift in Sources */,
				2C7072272BB1DD49000DF7BA /* AV.swift in Sources */,
				2C7072262BB1DD49000DF7BA /* AnimatedEllipsisView.swift in Sources */,
				2C7072422BB1DD49000DF7BA /* WidgetPickerItem.swift in Sources */,
				2C70723E2BB1DD49000DF7BA /* Widget.swift in Sources */,
				2C70722B2BB1DD49000DF7BA /* DownloadPanel.swift in Sources */,
				2C51C6562BBDA44C00A187D1 /* Widget+GroupActivity.swift in Sources */,
				2C7072282BB1DD49000DF7BA /* Binding+Utils.swift in Sources */,
				2C7072302BB1DD49000DF7BA /* Utils.swift in Sources */,
				2C70722F2BB1DD49000DF7BA /* URL+Directories.swift in Sources */,
				2C70722E2BB1DD49000DF7BA /* RealityKitEntity+Enumerate.swift in Sources */,
				2C70722D2BB1DD49000DF7BA /* ModelContext+SQLite.swift in Sources */,
				2C7072452BB1DD49000DF7BA /* WidgetView.swift in Sources */,
				2C7072462BB1DD49000DF7BA /* WidgetViewBrowserBar.swift in Sources */,
			);
			runOnlyForDeploymentPostprocessing = 0;
		};
/* End PBXSourcesBuildPhase section */

/* Begin PBXTargetDependency section */
		2C832E0D2B7C0C800032FB06 /* PBXTargetDependency */ = {
			isa = PBXTargetDependency;
			target = 2C832E062B7C0C800032FB06 /* share */;
			targetProxy = 2C832E0C2B7C0C800032FB06 /* PBXContainerItemProxy */;
		};
/* End PBXTargetDependency section */

/* Begin XCBuildConfiguration section */
		2C832E102B7C0C800032FB06 /* Debug */ = {
			isa = XCBuildConfiguration;
			buildSettings = {
				CODE_SIGN_STYLE = Automatic;
				CURRENT_PROJECT_VERSION = 1;
				DEVELOPMENT_TEAM = A7X888RRVJ;
				GENERATE_INFOPLIST_FILE = YES;
				INFOPLIST_FILE = share/Info.plist;
				INFOPLIST_KEY_CFBundleDisplayName = share;
				INFOPLIST_KEY_NSHumanReadableCopyright = "";
				LD_RUNPATH_SEARCH_PATHS = (
					"$(inherited)",
					"@executable_path/Frameworks",
					"@executable_path/../../Frameworks",
				);
				PRODUCT_BUNDLE_IDENTIFIER = com.blacktree.vision.widget.share;
				PRODUCT_NAME = "$(TARGET_NAME)";
				SKIP_INSTALL = YES;
				SUPPORTED_PLATFORMS = "xros xrsimulator";
				SWIFT_EMIT_LOC_STRINGS = YES;
				SWIFT_VERSION = 5.0;
				TARGETED_DEVICE_FAMILY = "1,2,7";
				XROS_DEPLOYMENT_TARGET = 1.0;
			};
			name = Debug;
		};
		2C832E112B7C0C800032FB06 /* Release */ = {
			isa = XCBuildConfiguration;
			buildSettings = {
				CODE_SIGN_STYLE = Automatic;
				CURRENT_PROJECT_VERSION = 1;
				DEVELOPMENT_TEAM = A7X888RRVJ;
				GENERATE_INFOPLIST_FILE = YES;
				INFOPLIST_FILE = share/Info.plist;
				INFOPLIST_KEY_CFBundleDisplayName = share;
				INFOPLIST_KEY_NSHumanReadableCopyright = "";
				LD_RUNPATH_SEARCH_PATHS = (
					"$(inherited)",
					"@executable_path/Frameworks",
					"@executable_path/../../Frameworks",
				);
				PRODUCT_BUNDLE_IDENTIFIER = com.blacktree.vision.widget.share;
				PRODUCT_NAME = "$(TARGET_NAME)";
				SKIP_INSTALL = YES;
				SUPPORTED_PLATFORMS = "xros xrsimulator";
				SWIFT_EMIT_LOC_STRINGS = YES;
				SWIFT_VERSION = 5.0;
				TARGETED_DEVICE_FAMILY = "1,2,7";
				XROS_DEPLOYMENT_TARGET = 1.0;
			};
			name = Release;
		};
		2C9EE6B02B66844600D36BA6 /* Debug */ = {
			isa = XCBuildConfiguration;
			buildSettings = {
				ALWAYS_SEARCH_USER_PATHS = NO;
				ASSETCATALOG_COMPILER_GENERATE_SWIFT_ASSET_SYMBOL_EXTENSIONS = YES;
				CLANG_ANALYZER_NONNULL = YES;
				CLANG_ANALYZER_NUMBER_OBJECT_CONVERSION = YES_AGGRESSIVE;
				CLANG_CXX_LANGUAGE_STANDARD = "gnu++20";
				CLANG_ENABLE_MODULES = YES;
				CLANG_ENABLE_OBJC_ARC = YES;
				CLANG_ENABLE_OBJC_WEAK = YES;
				CLANG_WARN_BLOCK_CAPTURE_AUTORELEASING = YES;
				CLANG_WARN_BOOL_CONVERSION = YES;
				CLANG_WARN_COMMA = YES;
				CLANG_WARN_CONSTANT_CONVERSION = YES;
				CLANG_WARN_DEPRECATED_OBJC_IMPLEMENTATIONS = YES;
				CLANG_WARN_DIRECT_OBJC_ISA_USAGE = YES_ERROR;
				CLANG_WARN_DOCUMENTATION_COMMENTS = YES;
				CLANG_WARN_EMPTY_BODY = YES;
				CLANG_WARN_ENUM_CONVERSION = YES;
				CLANG_WARN_INFINITE_RECURSION = YES;
				CLANG_WARN_INT_CONVERSION = YES;
				CLANG_WARN_NON_LITERAL_NULL_CONVERSION = YES;
				CLANG_WARN_OBJC_IMPLICIT_RETAIN_SELF = YES;
				CLANG_WARN_OBJC_LITERAL_CONVERSION = YES;
				CLANG_WARN_OBJC_ROOT_CLASS = YES_ERROR;
				CLANG_WARN_QUOTED_INCLUDE_IN_FRAMEWORK_HEADER = YES;
				CLANG_WARN_RANGE_LOOP_ANALYSIS = YES;
				CLANG_WARN_STRICT_PROTOTYPES = YES;
				CLANG_WARN_SUSPICIOUS_MOVE = YES;
				CLANG_WARN_UNGUARDED_AVAILABILITY = YES_AGGRESSIVE;
				CLANG_WARN_UNREACHABLE_CODE = YES;
				CLANG_WARN__DUPLICATE_METHOD_MATCH = YES;
				COPY_PHASE_STRIP = NO;
				DEBUG_INFORMATION_FORMAT = dwarf;
				ENABLE_STRICT_OBJC_MSGSEND = YES;
				ENABLE_TESTABILITY = YES;
				ENABLE_USER_SCRIPT_SANDBOXING = YES;
				GCC_C_LANGUAGE_STANDARD = gnu17;
				GCC_DYNAMIC_NO_PIC = NO;
				GCC_NO_COMMON_BLOCKS = YES;
				GCC_OPTIMIZATION_LEVEL = 0;
				GCC_PREPROCESSOR_DEFINITIONS = (
					"DEBUG=1",
					"$(inherited)",
				);
				GCC_WARN_64_TO_32_BIT_CONVERSION = YES;
				GCC_WARN_ABOUT_RETURN_TYPE = YES_ERROR;
				GCC_WARN_UNDECLARED_SELECTOR = YES;
				GCC_WARN_UNINITIALIZED_AUTOS = YES_AGGRESSIVE;
				GCC_WARN_UNUSED_FUNCTION = YES;
				GCC_WARN_UNUSED_VARIABLE = YES;
				LOCALIZATION_PREFERS_STRING_CATALOGS = YES;
				MARKETING_VERSION = 1.0.4;
				MTL_ENABLE_DEBUG_INFO = INCLUDE_SOURCE;
				MTL_FAST_MATH = YES;
				ONLY_ACTIVE_ARCH = YES;
				PRODUCT_BUNDLE_IDENTIFIER = com.blacktree.vision.widget;
				SDKROOT = xros;
				SWIFT_ACTIVE_COMPILATION_CONDITIONS = "DEBUG $(inherited)";
				SWIFT_OPTIMIZATION_LEVEL = "-Onone";
				XROS_DEPLOYMENT_TARGET = 1.0;
			};
			name = Debug;
		};
		2C9EE6B12B66844600D36BA6 /* Release */ = {
			isa = XCBuildConfiguration;
			buildSettings = {
				ALWAYS_SEARCH_USER_PATHS = NO;
				ASSETCATALOG_COMPILER_GENERATE_SWIFT_ASSET_SYMBOL_EXTENSIONS = YES;
				CLANG_ANALYZER_NONNULL = YES;
				CLANG_ANALYZER_NUMBER_OBJECT_CONVERSION = YES_AGGRESSIVE;
				CLANG_CXX_LANGUAGE_STANDARD = "gnu++20";
				CLANG_ENABLE_MODULES = YES;
				CLANG_ENABLE_OBJC_ARC = YES;
				CLANG_ENABLE_OBJC_WEAK = YES;
				CLANG_WARN_BLOCK_CAPTURE_AUTORELEASING = YES;
				CLANG_WARN_BOOL_CONVERSION = YES;
				CLANG_WARN_COMMA = YES;
				CLANG_WARN_CONSTANT_CONVERSION = YES;
				CLANG_WARN_DEPRECATED_OBJC_IMPLEMENTATIONS = YES;
				CLANG_WARN_DIRECT_OBJC_ISA_USAGE = YES_ERROR;
				CLANG_WARN_DOCUMENTATION_COMMENTS = YES;
				CLANG_WARN_EMPTY_BODY = YES;
				CLANG_WARN_ENUM_CONVERSION = YES;
				CLANG_WARN_INFINITE_RECURSION = YES;
				CLANG_WARN_INT_CONVERSION = YES;
				CLANG_WARN_NON_LITERAL_NULL_CONVERSION = YES;
				CLANG_WARN_OBJC_IMPLICIT_RETAIN_SELF = YES;
				CLANG_WARN_OBJC_LITERAL_CONVERSION = YES;
				CLANG_WARN_OBJC_ROOT_CLASS = YES_ERROR;
				CLANG_WARN_QUOTED_INCLUDE_IN_FRAMEWORK_HEADER = YES;
				CLANG_WARN_RANGE_LOOP_ANALYSIS = YES;
				CLANG_WARN_STRICT_PROTOTYPES = YES;
				CLANG_WARN_SUSPICIOUS_MOVE = YES;
				CLANG_WARN_UNGUARDED_AVAILABILITY = YES_AGGRESSIVE;
				CLANG_WARN_UNREACHABLE_CODE = YES;
				CLANG_WARN__DUPLICATE_METHOD_MATCH = YES;
				COPY_PHASE_STRIP = NO;
				DEBUG_INFORMATION_FORMAT = "dwarf-with-dsym";
				ENABLE_NS_ASSERTIONS = NO;
				ENABLE_STRICT_OBJC_MSGSEND = YES;
				ENABLE_USER_SCRIPT_SANDBOXING = YES;
				GCC_C_LANGUAGE_STANDARD = gnu17;
				GCC_NO_COMMON_BLOCKS = YES;
				GCC_WARN_64_TO_32_BIT_CONVERSION = YES;
				GCC_WARN_ABOUT_RETURN_TYPE = YES_ERROR;
				GCC_WARN_UNDECLARED_SELECTOR = YES;
				GCC_WARN_UNINITIALIZED_AUTOS = YES_AGGRESSIVE;
				GCC_WARN_UNUSED_FUNCTION = YES;
				GCC_WARN_UNUSED_VARIABLE = YES;
				LOCALIZATION_PREFERS_STRING_CATALOGS = YES;
				MARKETING_VERSION = 1.0.4;
				MTL_ENABLE_DEBUG_INFO = NO;
				MTL_FAST_MATH = YES;
				PRODUCT_BUNDLE_IDENTIFIER = com.blacktree.vision.widget;
				SDKROOT = xros;
				SWIFT_COMPILATION_MODE = wholemodule;
				VALIDATE_PRODUCT = YES;
				XROS_DEPLOYMENT_TARGET = 1.0;
			};
			name = Release;
		};
		2C9EE6B32B66844600D36BA6 /* Debug */ = {
			isa = XCBuildConfiguration;
			buildSettings = {
				ALWAYS_EMBED_SWIFT_STANDARD_LIBRARIES = YES;
				ASSETCATALOG_COMPILER_APPICON_NAME = "AppIcon-white";
				CODE_SIGN_ENTITLEMENTS = translucent/Entitlements.entitlements;
				CODE_SIGN_STYLE = Automatic;
				CURRENT_PROJECT_VERSION = 1;
				DEVELOPMENT_ASSET_PATHS = "\"translucent/Preview Content\"";
				DEVELOPMENT_TEAM = A7X888RRVJ;
				ENABLE_PREVIEWS = YES;
				GENERATE_INFOPLIST_FILE = YES;
				INFOPLIST_FILE = "$(TARGET_NAME)/Info.plist";
				INFOPLIST_KEY_CFBundleDisplayName = "​ Translucent";
				INFOPLIST_KEY_LSApplicationCategoryType = "public.app-category.utilities";
				INFOPLIST_KEY_LSSupportsOpeningDocumentsInPlace = YES;
				INFOPLIST_KEY_NSCameraUsageDescription = "Provides widgets ability to use the selfie camera";
				INFOPLIST_KEY_NSLocationWhenInUseUsageDescription = "Provides widgets ability to use your location while active";
				INFOPLIST_KEY_NSMicrophoneUsageDescription = "Provides widgets ability to use the microphone";
				LD_RUNPATH_SEARCH_PATHS = (
					"$(inherited)",
					"@executable_path/Frameworks",
				);
				PRODUCT_BUNDLE_IDENTIFIER = com.blacktree.vision.widget;
				PRODUCT_NAME = "$(TARGET_NAME)";
				SUPPORTED_PLATFORMS = "xros xrsimulator";
				SWIFT_EMIT_LOC_STRINGS = YES;
				SWIFT_VERSION = 5.0;
				TARGETED_DEVICE_FAMILY = "1,2,7";
			};
			name = Debug;
		};
		2C9EE6B42B66844600D36BA6 /* Release */ = {
			isa = XCBuildConfiguration;
			buildSettings = {
				ALWAYS_EMBED_SWIFT_STANDARD_LIBRARIES = YES;
				ASSETCATALOG_COMPILER_APPICON_NAME = "AppIcon-white";
				CODE_SIGN_ENTITLEMENTS = translucent/Entitlements.entitlements;
				CODE_SIGN_STYLE = Automatic;
				CURRENT_PROJECT_VERSION = 1;
				DEVELOPMENT_ASSET_PATHS = "\"translucent/Preview Content\"";
				DEVELOPMENT_TEAM = A7X888RRVJ;
				ENABLE_PREVIEWS = YES;
				GENERATE_INFOPLIST_FILE = YES;
				INFOPLIST_FILE = "$(TARGET_NAME)/Info.plist";
				INFOPLIST_KEY_CFBundleDisplayName = "​ Translucent";
				INFOPLIST_KEY_LSApplicationCategoryType = "public.app-category.utilities";
				INFOPLIST_KEY_LSSupportsOpeningDocumentsInPlace = YES;
				INFOPLIST_KEY_NSCameraUsageDescription = "Provides widgets ability to use the selfie camera";
				INFOPLIST_KEY_NSLocationWhenInUseUsageDescription = "Provides widgets ability to use your location while active";
				INFOPLIST_KEY_NSMicrophoneUsageDescription = "Provides widgets ability to use the microphone";
				LD_RUNPATH_SEARCH_PATHS = (
					"$(inherited)",
					"@executable_path/Frameworks",
				);
				PRODUCT_BUNDLE_IDENTIFIER = com.blacktree.vision.widget;
				PRODUCT_NAME = "$(TARGET_NAME)";
				SUPPORTED_PLATFORMS = "xros xrsimulator";
				SWIFT_EMIT_LOC_STRINGS = YES;
				SWIFT_VERSION = 5.0;
				TARGETED_DEVICE_FAMILY = "1,2,7";
			};
			name = Release;
		};
/* End XCBuildConfiguration section */

/* Begin XCConfigurationList section */
		2C832E122B7C0C800032FB06 /* Build configuration list for PBXNativeTarget "share" */ = {
			isa = XCConfigurationList;
			buildConfigurations = (
				2C832E102B7C0C800032FB06 /* Debug */,
				2C832E112B7C0C800032FB06 /* Release */,
			);
			defaultConfigurationIsVisible = 0;
			defaultConfigurationName = Release;
		};
		2C9EE69A2B66844500D36BA6 /* Build configuration list for PBXProject "translucent" */ = {
			isa = XCConfigurationList;
			buildConfigurations = (
				2C9EE6B02B66844600D36BA6 /* Debug */,
				2C9EE6B12B66844600D36BA6 /* Release */,
			);
			defaultConfigurationIsVisible = 0;
			defaultConfigurationName = Release;
		};
		2C9EE6B22B66844600D36BA6 /* Build configuration list for PBXNativeTarget "translucent" */ = {
			isa = XCConfigurationList;
			buildConfigurations = (
				2C9EE6B32B66844600D36BA6 /* Debug */,
				2C9EE6B42B66844600D36BA6 /* Release */,
			);
			defaultConfigurationIsVisible = 0;
			defaultConfigurationName = Release;
		};
/* End XCConfigurationList section */

/* Begin XCLocalSwiftPackageReference section */
		2C23F43A2BB8DD0E0076C071 /* XCLocalSwiftPackageReference "Packages/RealityKitContent" */ = {
			isa = XCLocalSwiftPackageReference;
			relativePath = Packages/RealityKitContent;
		};
/* End XCLocalSwiftPackageReference section */

/* Begin XCRemoteSwiftPackageReference section */
		2C78F92E2BB7394000D53DB7 /* XCRemoteSwiftPackageReference "CodeEditor" */ = {
			isa = XCRemoteSwiftPackageReference;
			repositoryURL = "https://github.com/ZeeZide/CodeEditor.git";
			requirement = {
				kind = upToNextMajorVersion;
				minimumVersion = 1.2.4;
			};
		};
/* End XCRemoteSwiftPackageReference section */

/* Begin XCSwiftPackageProductDependency section */
		2C23F43B2BB8DD0E0076C071 /* RealityKitContent */ = {
			isa = XCSwiftPackageProductDependency;
			productName = RealityKitContent;
		};
		2C78F92F2BB7394000D53DB7 /* CodeEditor */ = {
			isa = XCSwiftPackageProductDependency;
			package = 2C78F92E2BB7394000D53DB7 /* XCRemoteSwiftPackageReference "CodeEditor" */;
			productName = CodeEditor;
		};
/* End XCSwiftPackageProductDependency section */
	};
	rootObject = 2C9EE6972B66844500D36BA6 /* Project object */;
}
